
Microsoft Visual Studio Solution File, Format Version 11.00
# Visual Studio 2010
Project("{FAE04EC0-301F-11D3-BF4B-00C04F79EFBC}") = "CircularGaugeDemoWPF", "CircularGaugeDemoWPF\CircularGaugeDemoWPF.csproj", "{4AF0278B-CEB2-477C-A3DC-0D5474757C4D}"
EndProject
Project("{FAE04EC0-301F-11D3-BF4B-00C04F79EFBC}") = "CircularGauge", "CircularGauge\CircularGauge.csproj", "{6EFD5895-177B-4BBB-AF52-29F4D53B3FBD}"
EndProject
Project("{FAE04EC0-301F-11D3-BF4B-00C04F79EFBC}") = "TestThis", "TestThis\TestThis.csproj", "{B3A016AC-BD7D-4AB4-8B7A-6BB538C80E58}"
EndProject
Global
	GlobalSection(SolutionConfigurationPlatforms) = preSolution
		Debug|Any CPU = Debug|Any CPU
		Debug|Mixed Platforms = Debug|Mixed Platforms
		Debug|x86 = Debug|x86
		Release|Any CPU = Release|Any CPU
		Release|Mixed Platforms = Release|Mixed Platforms
		Release|x86 = Release|x86
	EndGlobalSection
	GlobalSection(ProjectConfigurationPlatforms) = postSolution
		{4AF0278B-CEB2-477C-A3DC-0D5474757C4D}.Debug|Any CPU.ActiveCfg = Debug|Any CPU
		{4AF0278B-CEB2-477C-A3DC-0D5474757C4D}.Debug|Any CPU.Build.0 = Debug|Any CPU
		{4AF0278B-CEB2-477C-A3DC-0D5474757C4D}.Debug|Mixed Platforms.ActiveCfg = Debug|Any CPU
		{4AF0278B-CEB2-477C-A3DC-0D5474757C4D}.Debug|Mixed Platforms.Build.0 = Debug|Any CPU
		{4AF0278B-CEB2-477C-A3DC-0D5474757C4D}.Debug|x86.ActiveCfg = Debug|Any CPU
		{4AF0278B-CEB2-477C-A3DC-0D5474757C4D}.Release|Any CPU.ActiveCfg = Release|Any CPU
		{4AF0278B-CEB2-477C-A3DC-0D5474757C4D}.Release|Any CPU.Build.0 = Release|Any CPU
		{4AF0278B-CEB2-477C-A3DC-0D5474757C4D}.Release|Mixed Platforms.ActiveCfg = Release|Any CPU
		{4AF0278B-CEB2-477C-A3DC-0D5474757C4D}.Release|Mixed Platforms.Build.0 = Release|Any CPU
		{4AF0278B-CEB2-477C-A3DC-0D5474757C4D}.Release|x86.ActiveCfg = Release|Any CPU
		{6EFD5895-177B-4BBB-AF52-29F4D53B3FBD}.Debug|Any CPU.ActiveCfg = Debug|Any CPU
		{6EFD5895-177B-4BBB-AF52-29F4D53B3FBD}.Debug|Any CPU.Build.0 = Debug|Any CPU
		{6EFD5895-177B-4BBB-AF52-29F4D53B3FBD}.Debug|Mixed Platforms.ActiveCfg = Debug|Any CPU
		{6EFD5895-177B-4BBB-AF52-29F4D53B3FBD}.Debug|Mixed Platforms.Build.0 = Debug|Any CPU
		{6EFD5895-177B-4BBB-AF52-29F4D53B3FBD}.Debug|x86.ActiveCfg = Debug|Any CPU
		{6EFD5895-177B-4BBB-AF52-29F4D53B3FBD}.Release|Any CPU.ActiveCfg = Release|Any CPU
		{6EFD5895-177B-4BBB-AF52-29F4D53B3FBD}.Release|Any CPU.Build.0 = Release|Any CPU
		{6EFD5895-177B-4BBB-AF52-29F4D53B3FBD}.Release|Mixed Platforms.ActiveCfg = Release|Any CPU
		{6EFD5895-177B-4BBB-AF52-29F4D53B3FBD}.Release|Mixed Platforms.Build.0 = Release|Any CPU
		{6EFD5895-177B-4BBB-AF52-29F4D53B3FBD}.Release|x86.ActiveCfg = Release|Any CPU
		{B3A016AC-BD7D-4AB4-8B7A-6BB538C80E58}.Debug|Any CPU.ActiveCfg = Debug|x86
		{B3A016AC-BD7D-4AB4-8B7A-6BB538C80E58}.Debug|Mixed Platforms.ActiveCfg = Debug|x86
		{B3A016AC-BD7D-4AB4-8B7A-6BB538C80E58}.Debug|Mixed Platforms.Build.0 = Debug|x86
		{B3A016AC-BD7D-4AB4-8B7A-6BB538C80E58}.Debug|x86.ActiveCfg = Debug|x86
		{B3A016AC-BD7D-4AB4-8B7A-6BB538C80E58}.Debug|x86.Build.0 = Debug|x86
		{B3A016AC-BD7D-4AB4-8B7A-6BB538C80E58}.Release|Any CPU.ActiveCfg = Release|x86
		{B3A016AC-BD7D-4AB4-8B7A-6BB538C80E58}.Release|Mixed Platforms.ActiveCfg = Release|x86
		{B3A016AC-BD7D-4AB4-8B7A-6BB538C80E58}.Release|Mixed Platforms.Build.0 = Release|x86
		{B3A016AC-BD7D-4AB4-8B7A-6BB538C80E58}.Release|x86.ActiveCfg = Release|x86
		{B3A016AC-BD7D-4AB4-8B7A-6BB538C80E58}.Release|x86.Build.0 = Release|x86
	EndGlobalSection
	GlobalSection(SolutionProperties) = preSolution
		HideSolutionNode = FALSE
	EndGlobalSection
EndGlobal
